// !$*UTF8*$!
{
	archiveVersion = 1;
	classes = {
	};
	objectVersion = 56;
	objects = {

/* Begin PBXBuildFile section */
		2B05596E2A25CA03000FCDB7 /* ChatResponse.swift in Sources */ = {isa = PBXBuildFile; fileRef = 2B05596D2A25CA03000FCDB7 /* ChatResponse.swift */; };
		2B0559732A25EE4F000FCDB7 /* Loading.swift in Sources */ = {isa = PBXBuildFile; fileRef = 2B0559722A25EE4F000FCDB7 /* Loading.swift */; };
		2B0559762A25F158000FCDB7 /* ActivityIndicatorView in Frameworks */ = {isa = PBXBuildFile; productRef = 2B0559752A25F158000FCDB7 /* ActivityIndicatorView */; };
		2B25827E2A023D7A00CE3BC6 /* ChatView.swift in Sources */ = {isa = PBXBuildFile; fileRef = 2B25827D2A023D7A00CE3BC6 /* ChatView.swift */; };
		2B2FC87F2A1B1CCF00CBA7B0 /* Note.xcdatamodeld in Sources */ = {isa = PBXBuildFile; fileRef = 2B2FC87D2A1B1CCF00CBA7B0 /* Note.xcdatamodeld */; };
		2B2FC8812A1B1FC200CBA7B0 /* DataController.swift in Sources */ = {isa = PBXBuildFile; fileRef = 2B2FC8802A1B1FC200CBA7B0 /* DataController.swift */; };
		2B5326F12A02DE51006D297F /* FolderView.swift in Sources */ = {isa = PBXBuildFile; fileRef = 2B5326F02A02DE51006D297F /* FolderView.swift */; };
		2B74065F29FF162200B99FFA /* NotesApp.swift in Sources */ = {isa = PBXBuildFile; fileRef = 2B74065E29FF162200B99FFA /* NotesApp.swift */; };
		2B74066129FF162200B99FFA /* ContentView.swift in Sources */ = {isa = PBXBuildFile; fileRef = 2B74066029FF162200B99FFA /* ContentView.swift */; };
		2B74066329FF162300B99FFA /* Assets.xcassets in Resources */ = {isa = PBXBuildFile; fileRef = 2B74066229FF162300B99FFA /* Assets.xcassets */; };
		2B74066629FF162300B99FFA /* Preview Assets.xcassets in Resources */ = {isa = PBXBuildFile; fileRef = 2B74066529FF162300B99FFA /* Preview Assets.xcassets */; };
		2B86206F2A183CD1004013DD /* DynamicHeightTextEditor.swift in Sources */ = {isa = PBXBuildFile; fileRef = 2B86206E2A183CD1004013DD /* DynamicHeightTextEditor.swift */; };
		2B8620722A184422004013DD /* LeftRight.swift in Sources */ = {isa = PBXBuildFile; fileRef = 2B8620712A184422004013DD /* LeftRight.swift */; };
		2B9F3B222A00D45500F55754 /* NoteView.swift in Sources */ = {isa = PBXBuildFile; fileRef = 2B9F3B212A00D45500F55754 /* NoteView.swift */; };
		2B9F3B242A00D80E00F55754 /* Font.swift in Sources */ = {isa = PBXBuildFile; fileRef = 2B9F3B232A00D80E00F55754 /* Font.swift */; };
		2B9FF2E12A2AC6690089CC08 /* AVKit.framework in Frameworks */ = {isa = PBXBuildFile; fileRef = 2B9FF2E02A2AC6690089CC08 /* AVKit.framework */; };
		2BA4D34329FF30F500BA22FF /* UIColor.swift in Sources */ = {isa = PBXBuildFile; fileRef = 2BA4D34229FF30F500BA22FF /* UIColor.swift */; };
		2BA4D34629FF360700BA22FF /* Color.swift in Sources */ = {isa = PBXBuildFile; fileRef = 2BA4D34529FF360700BA22FF /* Color.swift */; };
		2BABADFE2A2010D300A40041 /* SeacrhView.swift in Sources */ = {isa = PBXBuildFile; fileRef = 2BABADFD2A2010D300A40041 /* SeacrhView.swift */; };
		2BBD9D0C2A08BD45007532FC /* CreateNoteView.swift in Sources */ = {isa = PBXBuildFile; fileRef = 2BBD9D0B2A08BD45007532FC /* CreateNoteView.swift */; };
		2BBD9D0E2A08CB44007532FC /* FolderModal.swift in Sources */ = {isa = PBXBuildFile; fileRef = 2BBD9D0D2A08CB44007532FC /* FolderModal.swift */; };
		2BBD9D102A08D6CA007532FC /* UIScreen.swift in Sources */ = {isa = PBXBuildFile; fileRef = 2BBD9D0F2A08D6CA007532FC /* UIScreen.swift */; };
		2BC0D5F52A2C8120005272D6 /* AVFoundation.framework in Frameworks */ = {isa = PBXBuildFile; fileRef = 2BC0D5F42A2C8120005272D6 /* AVFoundation.framework */; };
		2BC772D82A1F645C001E4C44 /* EditMode.swift in Sources */ = {isa = PBXBuildFile; fileRef = 2BC772D72A1F645C001E4C44 /* EditMode.swift */; };
		2BD178BC2A0624EA002FC661 /* VoiceMemoModal.swift in Sources */ = {isa = PBXBuildFile; fileRef = 2BD178BB2A0624EA002FC661 /* VoiceMemoModal.swift */; };
		2BFA673C2A1D95E0008A2460 /* Folder+CoreDataClass.swift in Sources */ = {isa = PBXBuildFile; fileRef = 2BFA67382A1D95E0008A2460 /* Folder+CoreDataClass.swift */; };
		2BFA673D2A1D95E0008A2460 /* Folder+CoreDataProperties.swift in Sources */ = {isa = PBXBuildFile; fileRef = 2BFA67392A1D95E0008A2460 /* Folder+CoreDataProperties.swift */; };
		2BFA673E2A1D95E0008A2460 /* Note+CoreDataClass.swift in Sources */ = {isa = PBXBuildFile; fileRef = 2BFA673A2A1D95E0008A2460 /* Note+CoreDataClass.swift */; };
		2BFA673F2A1D95E0008A2460 /* Note+CoreDataProperties.swift in Sources */ = {isa = PBXBuildFile; fileRef = 2BFA673B2A1D95E0008A2460 /* Note+CoreDataProperties.swift */; };
		2BFA67412A1DA7B6008A2460 /* View.swift in Sources */ = {isa = PBXBuildFile; fileRef = 2BFA67402A1DA7B6008A2460 /* View.swift */; };
		2BFB311B2A27255E000F17D1 /* NoteColors.swift in Sources */ = {isa = PBXBuildFile; fileRef = 2BFB311A2A27255E000F17D1 /* NoteColors.swift */; };
/* End PBXBuildFile section */

/* Begin PBXFileReference section */
		2B05596D2A25CA03000FCDB7 /* ChatResponse.swift */ = {isa = PBXFileReference; lastKnownFileType = sourcecode.swift; path = ChatResponse.swift; sourceTree = "<group>"; };
		2B0559722A25EE4F000FCDB7 /* Loading.swift */ = {isa = PBXFileReference; lastKnownFileType = sourcecode.swift; path = Loading.swift; sourceTree = "<group>"; };
		2B25827D2A023D7A00CE3BC6 /* ChatView.swift */ = {isa = PBXFileReference; lastKnownFileType = sourcecode.swift; path = ChatView.swift; sourceTree = "<group>"; };
		2B2FC87E2A1B1CCF00CBA7B0 /* Note.xcdatamodel */ = {isa = PBXFileReference; lastKnownFileType = wrapper.xcdatamodel; path = Note.xcdatamodel; sourceTree = "<group>"; };
		2B2FC8802A1B1FC200CBA7B0 /* DataController.swift */ = {isa = PBXFileReference; lastKnownFileType = sourcecode.swift; path = DataController.swift; sourceTree = "<group>"; };
		2B5326F02A02DE51006D297F /* FolderView.swift */ = {isa = PBXFileReference; lastKnownFileType = sourcecode.swift; path = FolderView.swift; sourceTree = "<group>"; };
		2B74065B29FF162200B99FFA /* Notes.app */ = {isa = PBXFileReference; explicitFileType = wrapper.application; includeInIndex = 0; path = Notes.app; sourceTree = BUILT_PRODUCTS_DIR; };
		2B74065E29FF162200B99FFA /* NotesApp.swift */ = {isa = PBXFileReference; lastKnownFileType = sourcecode.swift; path = NotesApp.swift; sourceTree = "<group>"; };
		2B74066029FF162200B99FFA /* ContentView.swift */ = {isa = PBXFileReference; lastKnownFileType = sourcecode.swift; path = ContentView.swift; sourceTree = "<group>"; };
		2B74066229FF162300B99FFA /* Assets.xcassets */ = {isa = PBXFileReference; lastKnownFileType = folder.assetcatalog; path = Assets.xcassets; sourceTree = "<group>"; };
		2B74066529FF162300B99FFA /* Preview Assets.xcassets */ = {isa = PBXFileReference; lastKnownFileType = folder.assetcatalog; path = "Preview Assets.xcassets"; sourceTree = "<group>"; };
		2B86206E2A183CD1004013DD /* DynamicHeightTextEditor.swift */ = {isa = PBXFileReference; lastKnownFileType = sourcecode.swift; path = DynamicHeightTextEditor.swift; sourceTree = "<group>"; };
		2B8620712A184422004013DD /* LeftRight.swift */ = {isa = PBXFileReference; lastKnownFileType = sourcecode.swift; path = LeftRight.swift; sourceTree = "<group>"; };
		2B8FE2272A2ABD7600E7B13D /* Info.plist */ = {isa = PBXFileReference; lastKnownFileType = text.plist; path = Info.plist; sourceTree = "<group>"; };
		2B9F3B212A00D45500F55754 /* NoteView.swift */ = {isa = PBXFileReference; lastKnownFileType = sourcecode.swift; path = NoteView.swift; sourceTree = "<group>"; };
		2B9F3B232A00D80E00F55754 /* Font.swift */ = {isa = PBXFileReference; lastKnownFileType = sourcecode.swift; path = Font.swift; sourceTree = "<group>"; };
		2B9FF2E02A2AC6690089CC08 /* AVKit.framework */ = {isa = PBXFileReference; lastKnownFileType = wrapper.framework; name = AVKit.framework; path = System/Library/Frameworks/AVKit.framework; sourceTree = SDKROOT; };
		2BA4D34229FF30F500BA22FF /* UIColor.swift */ = {isa = PBXFileReference; lastKnownFileType = sourcecode.swift; path = UIColor.swift; sourceTree = "<group>"; };
		2BA4D34529FF360700BA22FF /* Color.swift */ = {isa = PBXFileReference; lastKnownFileType = sourcecode.swift; path = Color.swift; sourceTree = "<group>"; };
		2BABADFD2A2010D300A40041 /* SeacrhView.swift */ = {isa = PBXFileReference; lastKnownFileType = sourcecode.swift; path = SeacrhView.swift; sourceTree = "<group>"; };
		2BBD9D0B2A08BD45007532FC /* CreateNoteView.swift */ = {isa = PBXFileReference; lastKnownFileType = sourcecode.swift; path = CreateNoteView.swift; sourceTree = "<group>"; };
		2BBD9D0D2A08CB44007532FC /* FolderModal.swift */ = {isa = PBXFileReference; lastKnownFileType = sourcecode.swift; path = FolderModal.swift; sourceTree = "<group>"; };
		2BBD9D0F2A08D6CA007532FC /* UIScreen.swift */ = {isa = PBXFileReference; lastKnownFileType = sourcecode.swift; path = UIScreen.swift; sourceTree = "<group>"; };
		2BC0D5F42A2C8120005272D6 /* AVFoundation.framework */ = {isa = PBXFileReference; lastKnownFileType = wrapper.framework; name = AVFoundation.framework; path = System/Library/Frameworks/AVFoundation.framework; sourceTree = SDKROOT; };
		2BC772D72A1F645C001E4C44 /* EditMode.swift */ = {isa = PBXFileReference; lastKnownFileType = sourcecode.swift; path = EditMode.swift; sourceTree = "<group>"; };
		2BD178BB2A0624EA002FC661 /* VoiceMemoModal.swift */ = {isa = PBXFileReference; lastKnownFileType = sourcecode.swift; path = VoiceMemoModal.swift; sourceTree = "<group>"; };
		2BFA67382A1D95E0008A2460 /* Folder+CoreDataClass.swift */ = {isa = PBXFileReference; lastKnownFileType = sourcecode.swift; name = "Folder+CoreDataClass.swift"; path = "Notes/Folder+CoreDataClass.swift"; sourceTree = SOURCE_ROOT; };
		2BFA67392A1D95E0008A2460 /* Folder+CoreDataProperties.swift */ = {isa = PBXFileReference; lastKnownFileType = sourcecode.swift; name = "Folder+CoreDataProperties.swift"; path = "Notes/Folder+CoreDataProperties.swift"; sourceTree = SOURCE_ROOT; };
		2BFA673A2A1D95E0008A2460 /* Note+CoreDataClass.swift */ = {isa = PBXFileReference; lastKnownFileType = sourcecode.swift; name = "Note+CoreDataClass.swift"; path = "Notes/Note+CoreDataClass.swift"; sourceTree = SOURCE_ROOT; };
		2BFA673B2A1D95E0008A2460 /* Note+CoreDataProperties.swift */ = {isa = PBXFileReference; lastKnownFileType = sourcecode.swift; name = "Note+CoreDataProperties.swift"; path = "Notes/Note+CoreDataProperties.swift"; sourceTree = SOURCE_ROOT; };
		2BFA67402A1DA7B6008A2460 /* View.swift */ = {isa = PBXFileReference; lastKnownFileType = sourcecode.swift; path = View.swift; sourceTree = "<group>"; };
		2BFB311A2A27255E000F17D1 /* NoteColors.swift */ = {isa = PBXFileReference; lastKnownFileType = sourcecode.swift; path = NoteColors.swift; sourceTree = "<group>"; };
/* End PBXFileReference section */

/* Begin PBXFrameworksBuildPhase section */
		2B74065829FF162200B99FFA /* Frameworks */ = {
			isa = PBXFrameworksBuildPhase;
			buildActionMask = 2147483647;
			files = (
				2B9FF2E12A2AC6690089CC08 /* AVKit.framework in Frameworks */,
				2B0559762A25F158000FCDB7 /* ActivityIndicatorView in Frameworks */,
				2BC0D5F52A2C8120005272D6 /* AVFoundation.framework in Frameworks */,
			);
			runOnlyForDeploymentPostprocessing = 0;
		};
/* End PBXFrameworksBuildPhase section */

/* Begin PBXGroup section */
		2B3A89832A1AC47400A1B75C /* model */ = {
			isa = PBXGroup;
			children = (
				2BFA67382A1D95E0008A2460 /* Folder+CoreDataClass.swift */,
				2BFA67392A1D95E0008A2460 /* Folder+CoreDataProperties.swift */,
				2BFA673A2A1D95E0008A2460 /* Note+CoreDataClass.swift */,
				2BFA673B2A1D95E0008A2460 /* Note+CoreDataProperties.swift */,
				2B2FC87D2A1B1CCF00CBA7B0 /* Note.xcdatamodeld */,
				2B2FC8802A1B1FC200CBA7B0 /* DataController.swift */,
				2BC772D72A1F645C001E4C44 /* EditMode.swift */,
				2B05596D2A25CA03000FCDB7 /* ChatResponse.swift */,
			);
			path = model;
			sourceTree = "<group>";
		};
		2B74065229FF162200B99FFA = {
			isa = PBXGroup;
			children = (
				2B74065D29FF162200B99FFA /* Notes */,
				2B74065C29FF162200B99FFA /* Products */,
				2B8FE2242A2AB86300E7B13D /* Frameworks */,
			);
			sourceTree = "<group>";
		};
		2B74065C29FF162200B99FFA /* Products */ = {
			isa = PBXGroup;
			children = (
				2B74065B29FF162200B99FFA /* Notes.app */,
			);
			name = Products;
			sourceTree = "<group>";
		};
		2B74065D29FF162200B99FFA /* Notes */ = {
			isa = PBXGroup;
			children = (
				2B8FE2272A2ABD7600E7B13D /* Info.plist */,
				2B3A89832A1AC47400A1B75C /* model */,
				2B8620702A18440E004013DD /* enum */,
				2BA4D34129FF30DF00BA22FF /* extension */,
				2BA4D34029FF30BD00BA22FF /* View */,
				2B74065E29FF162200B99FFA /* NotesApp.swift */,
				2B74066029FF162200B99FFA /* ContentView.swift */,
				2B74066229FF162300B99FFA /* Assets.xcassets */,
				2B74066429FF162300B99FFA /* Preview Content */,
			);
			path = Notes;
			sourceTree = "<group>";
		};
		2B74066429FF162300B99FFA /* Preview Content */ = {
			isa = PBXGroup;
			children = (
				2B74066529FF162300B99FFA /* Preview Assets.xcassets */,
			);
			path = "Preview Content";
			sourceTree = "<group>";
		};
		2B8620702A18440E004013DD /* enum */ = {
			isa = PBXGroup;
			children = (
				2B8620712A184422004013DD /* LeftRight.swift */,
				2B0559722A25EE4F000FCDB7 /* Loading.swift */,
				2BFB311A2A27255E000F17D1 /* NoteColors.swift */,
			);
			path = enum;
			sourceTree = "<group>";
		};
		2B8FE2242A2AB86300E7B13D /* Frameworks */ = {
			isa = PBXGroup;
			children = (
				2BC0D5F42A2C8120005272D6 /* AVFoundation.framework */,
				2B9FF2E02A2AC6690089CC08 /* AVKit.framework */,
			);
			name = Frameworks;
			sourceTree = "<group>";
		};
		2BA4D34029FF30BD00BA22FF /* View */ = {
			isa = PBXGroup;
			children = (
				2B9F3B212A00D45500F55754 /* NoteView.swift */,
				2BBD9D0B2A08BD45007532FC /* CreateNoteView.swift */,
				2B25827D2A023D7A00CE3BC6 /* ChatView.swift */,
				2B5326F02A02DE51006D297F /* FolderView.swift */,
				2BD178BB2A0624EA002FC661 /* VoiceMemoModal.swift */,
				2BBD9D0D2A08CB44007532FC /* FolderModal.swift */,
				2B86206E2A183CD1004013DD /* DynamicHeightTextEditor.swift */,
				2BABADFD2A2010D300A40041 /* SeacrhView.swift */,
			);
			path = View;
			sourceTree = "<group>";
		};
		2BA4D34129FF30DF00BA22FF /* extension */ = {
			isa = PBXGroup;
			children = (
				2BA4D34229FF30F500BA22FF /* UIColor.swift */,
				2BA4D34529FF360700BA22FF /* Color.swift */,
				2B9F3B232A00D80E00F55754 /* Font.swift */,
				2BBD9D0F2A08D6CA007532FC /* UIScreen.swift */,
				2BFA67402A1DA7B6008A2460 /* View.swift */,
			);
			path = extension;
			sourceTree = "<group>";
		};
/* End PBXGroup section */

/* Begin PBXNativeTarget section */
		2B74065A29FF162200B99FFA /* Notes */ = {
			isa = PBXNativeTarget;
			buildConfigurationList = 2B74066929FF162300B99FFA /* Build configuration list for PBXNativeTarget "Notes" */;
			buildPhases = (
				2B74065729FF162200B99FFA /* Sources */,
				2B74065829FF162200B99FFA /* Frameworks */,
				2B74065929FF162200B99FFA /* Resources */,
			);
			buildRules = (
			);
			dependencies = (
			);
			name = Notes;
			packageProductDependencies = (
				2B0559752A25F158000FCDB7 /* ActivityIndicatorView */,
			);
			productName = Notes;
			productReference = 2B74065B29FF162200B99FFA /* Notes.app */;
			productType = "com.apple.product-type.application";
		};
/* End PBXNativeTarget section */

/* Begin PBXProject section */
		2B74065329FF162200B99FFA /* Project object */ = {
			isa = PBXProject;
			attributes = {
				BuildIndependentTargetsInParallel = 1;
				LastSwiftUpdateCheck = 1430;
				LastUpgradeCheck = 1430;
				TargetAttributes = {
					2B74065A29FF162200B99FFA = {
						CreatedOnToolsVersion = 14.3;
					};
				};
			};
			buildConfigurationList = 2B74065629FF162200B99FFA /* Build configuration list for PBXProject "Notes" */;
			compatibilityVersion = "Xcode 14.0";
			developmentRegion = en;
			hasScannedForEncodings = 0;
			knownRegions = (
				en,
				Base,
			);
			mainGroup = 2B74065229FF162200B99FFA;
			packageReferences = (
				2B0559742A25F158000FCDB7 /* XCRemoteSwiftPackageReference "ActivityIndicatorView" */,
			);
			productRefGroup = 2B74065C29FF162200B99FFA /* Products */;
			projectDirPath = "";
			projectRoot = "";
			targets = (
				2B74065A29FF162200B99FFA /* Notes */,
			);
		};
/* End PBXProject section */

/* Begin PBXResourcesBuildPhase section */
		2B74065929FF162200B99FFA /* Resources */ = {
			isa = PBXResourcesBuildPhase;
			buildActionMask = 2147483647;
			files = (
				2B74066629FF162300B99FFA /* Preview Assets.xcassets in Resources */,
				2B74066329FF162300B99FFA /* Assets.xcassets in Resources */,
			);
			runOnlyForDeploymentPostprocessing = 0;
		};
/* End PBXResourcesBuildPhase section */

/* Begin PBXSourcesBuildPhase section */
		2B74065729FF162200B99FFA /* Sources */ = {
			isa = PBXSourcesBuildPhase;
			buildActionMask = 2147483647;
			files = (
				2BFA673C2A1D95E0008A2460 /* Folder+CoreDataClass.swift in Sources */,
				2B74066129FF162200B99FFA /* ContentView.swift in Sources */,
				2B0559732A25EE4F000FCDB7 /* Loading.swift in Sources */,
				2B9F3B222A00D45500F55754 /* NoteView.swift in Sources */,
				2BBD9D0E2A08CB44007532FC /* FolderModal.swift in Sources */,
				2BC772D82A1F645C001E4C44 /* EditMode.swift in Sources */,
				2BFB311B2A27255E000F17D1 /* NoteColors.swift in Sources */,
				2B5326F12A02DE51006D297F /* FolderView.swift in Sources */,
				2BFA67412A1DA7B6008A2460 /* View.swift in Sources */,
				2B9F3B242A00D80E00F55754 /* Font.swift in Sources */,
				2BA4D34629FF360700BA22FF /* Color.swift in Sources */,
				2BABADFE2A2010D300A40041 /* SeacrhView.swift in Sources */,
				2B2FC8812A1B1FC200CBA7B0 /* DataController.swift in Sources */,
				2B86206F2A183CD1004013DD /* DynamicHeightTextEditor.swift in Sources */,
				2BFA673F2A1D95E0008A2460 /* Note+CoreDataProperties.swift in Sources */,
				2B25827E2A023D7A00CE3BC6 /* ChatView.swift in Sources */,
				2BBD9D102A08D6CA007532FC /* UIScreen.swift in Sources */,
				2BA4D34329FF30F500BA22FF /* UIColor.swift in Sources */,
				2B74065F29FF162200B99FFA /* NotesApp.swift in Sources */,
				2BFA673D2A1D95E0008A2460 /* Folder+CoreDataProperties.swift in Sources */,
				2B8620722A184422004013DD /* LeftRight.swift in Sources */,
				2B05596E2A25CA03000FCDB7 /* ChatResponse.swift in Sources */,
				2BBD9D0C2A08BD45007532FC /* CreateNoteView.swift in Sources */,
				2BD178BC2A0624EA002FC661 /* VoiceMemoModal.swift in Sources */,
				2B2FC87F2A1B1CCF00CBA7B0 /* Note.xcdatamodeld in Sources */,
				2BFA673E2A1D95E0008A2460 /* Note+CoreDataClass.swift in Sources */,
			);
			runOnlyForDeploymentPostprocessing = 0;
		};
/* End PBXSourcesBuildPhase section */

/* Begin XCBuildConfiguration section */
		2B74066729FF162300B99FFA /* Debug */ = {
			isa = XCBuildConfiguration;
			buildSettings = {
				ALWAYS_SEARCH_USER_PATHS = NO;
				CLANG_ANALYZER_NONNULL = YES;
				CLANG_ANALYZER_NUMBER_OBJECT_CONVERSION = YES_AGGRESSIVE;
				CLANG_CXX_LANGUAGE_STANDARD = "gnu++20";
				CLANG_ENABLE_MODULES = YES;
				CLANG_ENABLE_OBJC_ARC = YES;
				CLANG_ENABLE_OBJC_WEAK = YES;
				CLANG_WARN_BLOCK_CAPTURE_AUTORELEASING = YES;
				CLANG_WARN_BOOL_CONVERSION = YES;
				CLANG_WARN_COMMA = YES;
				CLANG_WARN_CONSTANT_CONVERSION = YES;
				CLANG_WARN_DEPRECATED_OBJC_IMPLEMENTATIONS = YES;
				CLANG_WARN_DIRECT_OBJC_ISA_USAGE = YES_ERROR;
				CLANG_WARN_DOCUMENTATION_COMMENTS = YES;
				CLANG_WARN_EMPTY_BODY = YES;
				CLANG_WARN_ENUM_CONVERSION = YES;
				CLANG_WARN_INFINITE_RECURSION = YES;
				CLANG_WARN_INT_CONVERSION = YES;
				CLANG_WARN_NON_LITERAL_NULL_CONVERSION = YES;
				CLANG_WARN_OBJC_IMPLICIT_RETAIN_SELF = YES;
				CLANG_WARN_OBJC_LITERAL_CONVERSION = YES;
				CLANG_WARN_OBJC_ROOT_CLASS = YES_ERROR;
				CLANG_WARN_QUOTED_INCLUDE_IN_FRAMEWORK_HEADER = YES;
				CLANG_WARN_RANGE_LOOP_ANALYSIS = YES;
				CLANG_WARN_STRICT_PROTOTYPES = YES;
				CLANG_WARN_SUSPICIOUS_MOVE = YES;
				CLANG_WARN_UNGUARDED_AVAILABILITY = YES_AGGRESSIVE;
				CLANG_WARN_UNREACHABLE_CODE = YES;
				CLANG_WARN__DUPLICATE_METHOD_MATCH = YES;
				COPY_PHASE_STRIP = NO;
				DEBUG_INFORMATION_FORMAT = dwarf;
				ENABLE_STRICT_OBJC_MSGSEND = YES;
				ENABLE_TESTABILITY = YES;
				GCC_C_LANGUAGE_STANDARD = gnu11;
				GCC_DYNAMIC_NO_PIC = NO;
				GCC_NO_COMMON_BLOCKS = YES;
				GCC_OPTIMIZATION_LEVEL = 0;
				GCC_PREPROCESSOR_DEFINITIONS = (
					"DEBUG=1",
					"$(inherited)",
				);
				GCC_WARN_64_TO_32_BIT_CONVERSION = YES;
				GCC_WARN_ABOUT_RETURN_TYPE = YES_ERROR;
				GCC_WARN_UNDECLARED_SELECTOR = YES;
				GCC_WARN_UNINITIALIZED_AUTOS = YES_AGGRESSIVE;
				GCC_WARN_UNUSED_FUNCTION = YES;
				GCC_WARN_UNUSED_VARIABLE = YES;
				IPHONEOS_DEPLOYMENT_TARGET = 16.4;
				MTL_ENABLE_DEBUG_INFO = INCLUDE_SOURCE;
				MTL_FAST_MATH = YES;
				ONLY_ACTIVE_ARCH = YES;
				SDKROOT = iphoneos;
				SWIFT_ACTIVE_COMPILATION_CONDITIONS = DEBUG;
				SWIFT_OPTIMIZATION_LEVEL = "-Onone";
			};
			name = Debug;
		};
		2B74066829FF162300B99FFA /* Release */ = {
			isa = XCBuildConfiguration;
			buildSettings = {
				ALWAYS_SEARCH_USER_PATHS = NO;
				CLANG_ANALYZER_NONNULL = YES;
				CLANG_ANALYZER_NUMBER_OBJECT_CONVERSION = YES_AGGRESSIVE;
				CLANG_CXX_LANGUAGE_STANDARD = "gnu++20";
				CLANG_ENABLE_MODULES = YES;
				CLANG_ENABLE_OBJC_ARC = YES;
				CLANG_ENABLE_OBJC_WEAK = YES;
				CLANG_WARN_BLOCK_CAPTURE_AUTORELEASING = YES;
				CLANG_WARN_BOOL_CONVERSION = YES;
				CLANG_WARN_COMMA = YES;
				CLANG_WARN_CONSTANT_CONVERSION = YES;
				CLANG_WARN_DEPRECATED_OBJC_IMPLEMENTATIONS = YES;
				CLANG_WARN_DIRECT_OBJC_ISA_USAGE = YES_ERROR;
				CLANG_WARN_DOCUMENTATION_COMMENTS = YES;
				CLANG_WARN_EMPTY_BODY = YES;
				CLANG_WARN_ENUM_CONVERSION = YES;
				CLANG_WARN_INFINITE_RECURSION = YES;
				CLANG_WARN_INT_CONVERSION = YES;
				CLANG_WARN_NON_LITERAL_NULL_CONVERSION = YES;
				CLANG_WARN_OBJC_IMPLICIT_RETAIN_SELF = YES;
				CLANG_WARN_OBJC_LITERAL_CONVERSION = YES;
				CLANG_WARN_OBJC_ROOT_CLASS = YES_ERROR;
				CLANG_WARN_QUOTED_INCLUDE_IN_FRAMEWORK_HEADER = YES;
				CLANG_WARN_RANGE_LOOP_ANALYSIS = YES;
				CLANG_WARN_STRICT_PROTOTYPES = YES;
				CLANG_WARN_SUSPICIOUS_MOVE = YES;
				CLANG_WARN_UNGUARDED_AVAILABILITY = YES_AGGRESSIVE;
				CLANG_WARN_UNREACHABLE_CODE = YES;
				CLANG_WARN__DUPLICATE_METHOD_MATCH = YES;
				COPY_PHASE_STRIP = NO;
				DEBUG_INFORMATION_FORMAT = "dwarf-with-dsym";
				ENABLE_NS_ASSERTIONS = NO;
				ENABLE_STRICT_OBJC_MSGSEND = YES;
				GCC_C_LANGUAGE_STANDARD = gnu11;
				GCC_NO_COMMON_BLOCKS = YES;
				GCC_WARN_64_TO_32_BIT_CONVERSION = YES;
				GCC_WARN_ABOUT_RETURN_TYPE = YES_ERROR;
				GCC_WARN_UNDECLARED_SELECTOR = YES;
				GCC_WARN_UNINITIALIZED_AUTOS = YES_AGGRESSIVE;
				GCC_WARN_UNUSED_FUNCTION = YES;
				GCC_WARN_UNUSED_VARIABLE = YES;
				IPHONEOS_DEPLOYMENT_TARGET = 16.4;
				MTL_ENABLE_DEBUG_INFO = NO;
				MTL_FAST_MATH = YES;
				SDKROOT = iphoneos;
				SWIFT_COMPILATION_MODE = wholemodule;
				SWIFT_OPTIMIZATION_LEVEL = "-O";
				VALIDATE_PRODUCT = YES;
			};
			name = Release;
		};
		2B74066A29FF162300B99FFA /* Debug */ = {
			isa = XCBuildConfiguration;
			buildSettings = {
				ASSETCATALOG_COMPILER_APPICON_NAME = AppIcon;
				ASSETCATALOG_COMPILER_GLOBAL_ACCENT_COLOR_NAME = AccentColor;
				CODE_SIGN_STYLE = Automatic;
				CURRENT_PROJECT_VERSION = 1;
				DEVELOPMENT_ASSET_PATHS = "\"Notes/Preview Content\"";
				DEVELOPMENT_TEAM = 4HXZ9JZTUY;
				ENABLE_PREVIEWS = YES;
				GENERATE_INFOPLIST_FILE = YES;
				INFOPLIST_FILE = Notes/Info.plist;
				INFOPLIST_KEY_CFBundleDisplayName = Notes;
				INFOPLIST_KEY_LSApplicationCategoryType = "public.app-category.utilities";
				INFOPLIST_KEY_NSMicrophoneUsageDescription = "This app use microphone for voice memo";
				INFOPLIST_KEY_UIApplicationSceneManifest_Generation = YES;
				INFOPLIST_KEY_UIApplicationSupportsIndirectInputEvents = YES;
				INFOPLIST_KEY_UILaunchScreen_Generation = YES;
				INFOPLIST_KEY_UIStatusBarStyle = UIStatusBarStyleLightContent;
				INFOPLIST_KEY_UISupportedInterfaceOrientations = UIInterfaceOrientationPortrait;
				LD_RUNPATH_SEARCH_PATHS = (
					"$(inherited)",
					"@executable_path/Frameworks",
				);
				MARKETING_VERSION = 1.0;
				PRODUCT_BUNDLE_IDENTIFIER = com.ryunosuke.Notes;
				PRODUCT_NAME = "$(TARGET_NAME)";
				SWIFT_EMIT_LOC_STRINGS = YES;
				SWIFT_VERSION = 5.0;
				TARGETED_DEVICE_FAMILY = "1,2";
			};
			name = Debug;
		};
		2B74066B29FF162300B99FFA /* Release */ = {
			isa = XCBuildConfiguration;
			buildSettings = {
				ASSETCATALOG_COMPILER_APPICON_NAME = AppIcon;
				ASSETCATALOG_COMPILER_GLOBAL_ACCENT_COLOR_NAME = AccentColor;
				CODE_SIGN_STYLE = Automatic;
				CURRENT_PROJECT_VERSION = 1;
				DEVELOPMENT_ASSET_PATHS = "\"Notes/Preview Content\"";
				DEVELOPMENT_TEAM = 4HXZ9JZTUY;
				ENABLE_PREVIEWS = YES;
				GENERATE_INFOPLIST_FILE = YES;
				INFOPLIST_FILE = Notes/Info.plist;
				INFOPLIST_KEY_CFBundleDisplayName = Notes;
				INFOPLIST_KEY_LSApplicationCategoryType = "public.app-category.utilities";
				INFOPLIST_KEY_NSMicrophoneUsageDescription = "This app use microphone for voice memo";
				INFOPLIST_KEY_UIApplicationSceneManifest_Generation = YES;
				INFOPLIST_KEY_UIApplicationSupportsIndirectInputEvents = YES;
				INFOPLIST_KEY_UILaunchScreen_Generation = YES;
				INFOPLIST_KEY_UIStatusBarStyle = UIStatusBarStyleLightContent;
				INFOPLIST_KEY_UISupportedInterfaceOrientations = UIInterfaceOrientationPortrait;
				LD_RUNPATH_SEARCH_PATHS = (
					"$(inherited)",
					"@executable_path/Frameworks",
				);
				MARKETING_VERSION = 1.0;
				PRODUCT_BUNDLE_IDENTIFIER = com.ryunosuke.Notes;
				PRODUCT_NAME = "$(TARGET_NAME)";
				SWIFT_EMIT_LOC_STRINGS = YES;
				SWIFT_VERSION = 5.0;
				TARGETED_DEVICE_FAMILY = "1,2";
			};
			name = Release;
		};
/* End XCBuildConfiguration section */

/* Begin XCConfigurationList section */
		2B74065629FF162200B99FFA /* Build configuration list for PBXProject "Notes" */ = {
			isa = XCConfigurationList;
			buildConfigurations = (
				2B74066729FF162300B99FFA /* Debug */,
				2B74066829FF162300B99FFA /* Release */,
			);
			defaultConfigurationIsVisible = 0;
			defaultConfigurationName = Release;
		};
		2B74066929FF162300B99FFA /* Build configuration list for PBXNativeTarget "Notes" */ = {
			isa = XCConfigurationList;
			buildConfigurations = (
				2B74066A29FF162300B99FFA /* Debug */,
				2B74066B29FF162300B99FFA /* Release */,
			);
			defaultConfigurationIsVisible = 0;
			defaultConfigurationName = Release;
		};
/* End XCConfigurationList section */

/* Begin XCRemoteSwiftPackageReference section */
		2B0559742A25F158000FCDB7 /* XCRemoteSwiftPackageReference "ActivityIndicatorView" */ = {
			isa = XCRemoteSwiftPackageReference;
			repositoryURL = "https://github.com/exyte/ActivityIndicatorView.git";
			requirement = {
				kind = upToNextMajorVersion;
				minimumVersion = 1.0.0;
			};
		};
/* End XCRemoteSwiftPackageReference section */

/* Begin XCSwiftPackageProductDependency section */
		2B0559752A25F158000FCDB7 /* ActivityIndicatorView */ = {
			isa = XCSwiftPackageProductDependency;
			package = 2B0559742A25F158000FCDB7 /* XCRemoteSwiftPackageReference "ActivityIndicatorView" */;
			productName = ActivityIndicatorView;
		};
/* End XCSwiftPackageProductDependency section */

/* Begin XCVersionGroup section */
		2B2FC87D2A1B1CCF00CBA7B0 /* Note.xcdatamodeld */ = {
			isa = XCVersionGroup;
			children = (
				2B2FC87E2A1B1CCF00CBA7B0 /* Note.xcdatamodel */,
			);
			currentVersion = 2B2FC87E2A1B1CCF00CBA7B0 /* Note.xcdatamodel */;
			path = Note.xcdatamodeld;
			sourceTree = "<group>";
			versionGroupType = wrapper.xcdatamodel;
		};
/* End XCVersionGroup section */
	};
	rootObject = 2B74065329FF162200B99FFA /* Project object */;
}
